
Microsoft Visual Studio Solution File, Format Version 12.00
# Visual Studio Version 16
VisualStudioVersion = 16.0.31005.135
MinimumVisualStudioVersion = 10.0.40219.1
Project("{FAE04EC0-301F-11D3-BF4B-00C04F79EFBC}") = "FirstConsoleApp_126", "FirstConsoleApp_126\FirstConsoleApp_126.csproj", "{4C28AF76-4DB7-4AC8-B753-5C84FEB43B8B}"
EndProject
Global
	GlobalSection(SolutionConfigurationPlatforms) = preSolution
		Debug|Any CPU = Debug|Any CPU
		Release|Any CPU = Release|Any CPU
	EndGlobalSection
	GlobalSection(ProjectConfigurationPlatforms) = postSolution
		{4C28AF76-4DB7-4AC8-B753-5C84FEB43B8B}.Debug|Any CPU.ActiveCfg = Debug|Any CPU
		{4C28AF76-4DB7-4AC8-B753-5C84FEB43B8B}.Debug|Any CPU.Build.0 = Debug|Any CPU
		{4C28AF76-4DB7-4AC8-B753-5C84FEB43B8B}.Release|Any CPU.ActiveCfg = Release|Any CPU
		{4C28AF76-4DB7-4AC8-B753-5C84FEB43B8B}.Release|Any CPU.Build.0 = Release|Any CPU
	EndGlobalSection
	GlobalSection(SolutionProperties) = preSolution
		HideSolutionNode = FALSE
	EndGlobalSection
	GlobalSection(ExtensibilityGlobals) = postSolution
		SolutionGuid = {D50F3F49-E14B-46AF-8A69-0F5DA1C053C6}
	EndGlobalSection
EndGlobal
